
Microsoft Visual Studio Solution File, Format Version 12.00
# Visual Studio 2013
VisualStudioVersion = 12.0.30501.0
MinimumVisualStudioVersion = 10.0.40219.1
Project("{FAE04EC0-301F-11D3-BF4B-00C04F79EFBC}") = "Turing.Core", "TuringMachine.Core\Turing.Core.csproj", "{2D7010C6-25E7-452A-B341-681CEEED64D8}"
EndProject
Project("{FAE04EC0-301F-11D3-BF4B-00C04F79EFBC}") = "ConsoleApplication", "ConsoleApplication\ConsoleApplication.csproj", "{FEC55687-ABF3-4FFA-8736-A0181CF4E86F}"
EndProject
Global
	GlobalSection(SolutionConfigurationPlatforms) = preSolution
		Debug|Any CPU = Debug|Any CPU
		Release|Any CPU = Release|Any CPU
	EndGlobalSection
	GlobalSection(ProjectConfigurationPlatforms) = postSolution
		{2D7010C6-25E7-452A-B341-681CEEED64D8}.Debug|Any CPU.ActiveCfg = Debug|Any CPU
		{2D7010C6-25E7-452A-B341-681CEEED64D8}.Debug|Any CPU.Build.0 = Debug|Any CPU
		{2D7010C6-25E7-452A-B341-681CEEED64D8}.Release|Any CPU.ActiveCfg = Release|Any CPU
		{2D7010C6-25E7-452A-B341-681CEEED64D8}.Release|Any CPU.Build.0 = Release|Any CPU
		{FEC55687-ABF3-4FFA-8736-A0181CF4E86F}.Debug|Any CPU.ActiveCfg = Debug|Any CPU
		{FEC55687-ABF3-4FFA-8736-A0181CF4E86F}.Debug|Any CPU.Build.0 = Debug|Any CPU
		{FEC55687-ABF3-4FFA-8736-A0181CF4E86F}.Release|Any CPU.ActiveCfg = Release|Any CPU
		{FEC55687-ABF3-4FFA-8736-A0181CF4E86F}.Release|Any CPU.Build.0 = Release|Any CPU
	EndGlobalSection
	GlobalSection(SolutionProperties) = preSolution
		HideSolutionNode = FALSE
	EndGlobalSection
EndGlobal
